
Microsoft Visual Studio Solution File, Format Version 12.00
# Visual Studio Version 16
VisualStudioVersion = 16.0.31112.23
MinimumVisualStudioVersion = 10.0.40219.1
Project("{FAE04EC0-301F-11D3-BF4B-00C04F79EFBC}") = "DynamicAPI", "DynamicAPI\DynamicAPI.csproj", "{AC6F832E-B290-4C67-B7D7-ED58CD9F59E9}"
EndProject
Project("{FAE04EC0-301F-11D3-BF4B-00C04F79EFBC}") = "Account", "Account\Account.csproj", "{1DBB364B-D119-4E5A-8E2A-8AB2D6A7462A}"
EndProject
Project("{FAE04EC0-301F-11D3-BF4B-00C04F79EFBC}") = "BaseProtocol", "BaseProtocol\BaseProtocol.csproj", "{EF18E016-F9A0-4321-A96A-AAA7B91B2A76}"
EndProject
Global
	GlobalSection(SolutionConfigurationPlatforms) = preSolution
		Debug|Any CPU = Debug|Any CPU
		Release|Any CPU = Release|Any CPU
	EndGlobalSection
	GlobalSection(ProjectConfigurationPlatforms) = postSolution
		{AC6F832E-B290-4C67-B7D7-ED58CD9F59E9}.Debug|Any CPU.ActiveCfg = Debug|Any CPU
		{AC6F832E-B290-4C67-B7D7-ED58CD9F59E9}.Debug|Any CPU.Build.0 = Debug|Any CPU
		{AC6F832E-B290-4C67-B7D7-ED58CD9F59E9}.Release|Any CPU.ActiveCfg = Release|Any CPU
		{AC6F832E-B290-4C67-B7D7-ED58CD9F59E9}.Release|Any CPU.Build.0 = Release|Any CPU
		{1DBB364B-D119-4E5A-8E2A-8AB2D6A7462A}.Debug|Any CPU.ActiveCfg = Debug|Any CPU
		{1DBB364B-D119-4E5A-8E2A-8AB2D6A7462A}.Debug|Any CPU.Build.0 = Debug|Any CPU
		{1DBB364B-D119-4E5A-8E2A-8AB2D6A7462A}.Release|Any CPU.ActiveCfg = Release|Any CPU
		{1DBB364B-D119-4E5A-8E2A-8AB2D6A7462A}.Release|Any CPU.Build.0 = Release|Any CPU
		{EF18E016-F9A0-4321-A96A-AAA7B91B2A76}.Debug|Any CPU.ActiveCfg = Debug|Any CPU
		{EF18E016-F9A0-4321-A96A-AAA7B91B2A76}.Debug|Any CPU.Build.0 = Debug|Any CPU
		{EF18E016-F9A0-4321-A96A-AAA7B91B2A76}.Release|Any CPU.ActiveCfg = Release|Any CPU
		{EF18E016-F9A0-4321-A96A-AAA7B91B2A76}.Release|Any CPU.Build.0 = Release|Any CPU
	EndGlobalSection
	GlobalSection(SolutionProperties) = preSolution
		HideSolutionNode = FALSE
	EndGlobalSection
	GlobalSection(ExtensibilityGlobals) = postSolution
		SolutionGuid = {2B8F46D5-5C8A-4D12-B4F3-7D000E6A0C91}
	EndGlobalSection
EndGlobal
